// !$*UTF8*$!
{
	archiveVersion = 1;
	classes = {
	};
	objectVersion = 52;
	objects = {

/* Begin PBXBuildFile section */
		EA55B7F624B6353500C5560B /* FocusEntity in Frameworks */ = {isa = PBXBuildFile; productRef = EA55B7F524B6353500C5560B /* FocusEntity */; };
		EA7DE22024AF809E002BF627 /* AppDelegate.swift in Sources */ = {isa = PBXBuildFile; fileRef = EA7DE21F24AF809E002BF627 /* AppDelegate.swift */; };
		EA7DE22224AF809E002BF627 /* ViewController.swift in Sources */ = {isa = PBXBuildFile; fileRef = EA7DE22124AF809E002BF627 /* ViewController.swift */; };
		EA7DE22424AF809E002BF627 /* Experience.rcproject in Sources */ = {isa = PBXBuildFile; fileRef = EA7DE22324AF809E002BF627 /* Experience.rcproject */; };
		EA7DE22724AF809E002BF627 /* Main.storyboard in Resources */ = {isa = PBXBuildFile; fileRef = EA7DE22524AF809E002BF627 /* Main.storyboard */; };
		EA7DE22924AF809E002BF627 /* Assets.xcassets in Resources */ = {isa = PBXBuildFile; fileRef = EA7DE22824AF809E002BF627 /* Assets.xcassets */; };
		EA7DE22C24AF809E002BF627 /* LaunchScreen.storyboard in Resources */ = {isa = PBXBuildFile; fileRef = EA7DE22A24AF809E002BF627 /* LaunchScreen.storyboard */; };
		EA7DE23D24AF8DD2002BF627 /* trayCm.usdz in Resources */ = {isa = PBXBuildFile; fileRef = EA7DE23C24AF8DD2002BF627 /* trayCm.usdz */; };
		EA7DE23F24B0C4BC002BF627 /* plate.usdz in Resources */ = {isa = PBXBuildFile; fileRef = EA7DE23E24B0C4BC002BF627 /* plate.usdz */; };
		EA7DE24124B0D155002BF627 /* toy_robot_vintage.usdz in Resources */ = {isa = PBXBuildFile; fileRef = EA7DE24024B0D155002BF627 /* toy_robot_vintage.usdz */; };
		EA7DE24324B0D172002BF627 /* fender_stratocaster.usdz in Resources */ = {isa = PBXBuildFile; fileRef = EA7DE24224B0D172002BF627 /* fender_stratocaster.usdz */; };
		EA7DE24524B0D17C002BF627 /* pot_plant.usdz in Resources */ = {isa = PBXBuildFile; fileRef = EA7DE24424B0D17C002BF627 /* pot_plant.usdz */; };
		EA7DE24724B0D184002BF627 /* teapot.usdz in Resources */ = {isa = PBXBuildFile; fileRef = EA7DE24624B0D184002BF627 /* teapot.usdz */; };
		EA7DE24924B0D18D002BF627 /* trowel.usdz in Resources */ = {isa = PBXBuildFile; fileRef = EA7DE24824B0D18C002BF627 /* trowel.usdz */; };
		EA7DE24B24B0D195002BF627 /* tv_retro.usdz in Resources */ = {isa = PBXBuildFile; fileRef = EA7DE24A24B0D195002BF627 /* tv_retro.usdz */; };
		EA7DE24D24B0D19C002BF627 /* cup_saucer_set.usdz in Resources */ = {isa = PBXBuildFile; fileRef = EA7DE24C24B0D19C002BF627 /* cup_saucer_set.usdz */; };
		EA7DE24F24B0D1A5002BF627 /* flower_tulip.usdz in Resources */ = {isa = PBXBuildFile; fileRef = EA7DE24E24B0D1A5002BF627 /* flower_tulip.usdz */; };
/* End PBXBuildFile section */

/* Begin PBXFileReference section */
		EA7DE21C24AF809E002BF627 /* Memory.app */ = {isa = PBXFileReference; explicitFileType = wrapper.application; includeInIndex = 0; path = Memory.app; sourceTree = BUILT_PRODUCTS_DIR; };
		EA7DE21F24AF809E002BF627 /* AppDelegate.swift */ = {isa = PBXFileReference; lastKnownFileType = sourcecode.swift; path = AppDelegate.swift; sourceTree = "<group>"; };
		EA7DE22124AF809E002BF627 /* ViewController.swift */ = {isa = PBXFileReference; lastKnownFileType = sourcecode.swift; path = ViewController.swift; sourceTree = "<group>"; };
		EA7DE22324AF809E002BF627 /* Experience.rcproject */ = {isa = PBXFileReference; lastKnownFileType = file.rcproject; path = Experience.rcproject; sourceTree = "<group>"; };
		EA7DE22624AF809E002BF627 /* Base */ = {isa = PBXFileReference; lastKnownFileType = file.storyboard; name = Base; path = Base.lproj/Main.storyboard; sourceTree = "<group>"; };
		EA7DE22824AF809E002BF627 /* Assets.xcassets */ = {isa = PBXFileReference; lastKnownFileType = folder.assetcatalog; path = Assets.xcassets; sourceTree = "<group>"; };
		EA7DE22B24AF809E002BF627 /* Base */ = {isa = PBXFileReference; lastKnownFileType = file.storyboard; name = Base; path = Base.lproj/LaunchScreen.storyboard; sourceTree = "<group>"; };
		EA7DE22D24AF809E002BF627 /* Info.plist */ = {isa = PBXFileReference; lastKnownFileType = text.plist.xml; path = Info.plist; sourceTree = "<group>"; };
		EA7DE23C24AF8DD2002BF627 /* trayCm.usdz */ = {isa = PBXFileReference; lastKnownFileType = file.usdz; path = trayCm.usdz; sourceTree = "<group>"; };
		EA7DE23E24B0C4BC002BF627 /* plate.usdz */ = {isa = PBXFileReference; lastKnownFileType = file.usdz; path = plate.usdz; sourceTree = "<group>"; };
		EA7DE24024B0D155002BF627 /* toy_robot_vintage.usdz */ = {isa = PBXFileReference; lastKnownFileType = file.usdz; path = toy_robot_vintage.usdz; sourceTree = "<group>"; };
		EA7DE24224B0D172002BF627 /* fender_stratocaster.usdz */ = {isa = PBXFileReference; lastKnownFileType = file.usdz; path = fender_stratocaster.usdz; sourceTree = "<group>"; };
		EA7DE24424B0D17C002BF627 /* pot_plant.usdz */ = {isa = PBXFileReference; lastKnownFileType = file.usdz; path = pot_plant.usdz; sourceTree = "<group>"; };
		EA7DE24624B0D184002BF627 /* teapot.usdz */ = {isa = PBXFileReference; lastKnownFileType = file.usdz; path = teapot.usdz; sourceTree = "<group>"; };
		EA7DE24824B0D18C002BF627 /* trowel.usdz */ = {isa = PBXFileReference; lastKnownFileType = file.usdz; path = trowel.usdz; sourceTree = "<group>"; };
		EA7DE24A24B0D195002BF627 /* tv_retro.usdz */ = {isa = PBXFileReference; lastKnownFileType = file.usdz; path = tv_retro.usdz; sourceTree = "<group>"; };
		EA7DE24C24B0D19C002BF627 /* cup_saucer_set.usdz */ = {isa = PBXFileReference; lastKnownFileType = file.usdz; path = cup_saucer_set.usdz; sourceTree = "<group>"; };
		EA7DE24E24B0D1A5002BF627 /* flower_tulip.usdz */ = {isa = PBXFileReference; lastKnownFileType = file.usdz; path = flower_tulip.usdz; sourceTree = "<group>"; };
/* End PBXFileReference section */

/* Begin PBXFrameworksBuildPhase section */
		EA7DE21924AF809E002BF627 /* Frameworks */ = {
			isa = PBXFrameworksBuildPhase;
			buildActionMask = 2147483647;
			files = (
				EA55B7F624B6353500C5560B /* FocusEntity in Frameworks */,
			);
			runOnlyForDeploymentPostprocessing = 0;
		};
/* End PBXFrameworksBuildPhase section */

/* Begin PBXGroup section */
		EA7DE21324AF809E002BF627 = {
			isa = PBXGroup;
			children = (
				EA7DE21E24AF809E002BF627 /* Memory */,
				EA7DE21D24AF809E002BF627 /* Products */,
			);
			sourceTree = "<group>";
		};
		EA7DE21D24AF809E002BF627 /* Products */ = {
			isa = PBXGroup;
			children = (
				EA7DE21C24AF809E002BF627 /* Memory.app */,
			);
			name = Products;
			sourceTree = "<group>";
		};
		EA7DE21E24AF809E002BF627 /* Memory */ = {
			isa = PBXGroup;
			children = (
				EA7DE23324AF80B9002BF627 /* ARAssets */,
				EA7DE21F24AF809E002BF627 /* AppDelegate.swift */,
				EA7DE22124AF809E002BF627 /* ViewController.swift */,
				EA7DE22324AF809E002BF627 /* Experience.rcproject */,
				EA7DE22524AF809E002BF627 /* Main.storyboard */,
				EA7DE22824AF809E002BF627 /* Assets.xcassets */,
				EA7DE22A24AF809E002BF627 /* LaunchScreen.storyboard */,
				EA7DE22D24AF809E002BF627 /* Info.plist */,
			);
			path = Memory;
			sourceTree = "<group>";
		};
		EA7DE23324AF80B9002BF627 /* ARAssets */ = {
			isa = PBXGroup;
			children = (
				EA7DE24024B0D155002BF627 /* toy_robot_vintage.usdz */,
				EA7DE24224B0D172002BF627 /* fender_stratocaster.usdz */,
				EA7DE24A24B0D195002BF627 /* tv_retro.usdz */,
				EA7DE24C24B0D19C002BF627 /* cup_saucer_set.usdz */,
				EA7DE24424B0D17C002BF627 /* pot_plant.usdz */,
				EA7DE24E24B0D1A5002BF627 /* flower_tulip.usdz */,
				EA7DE23C24AF8DD2002BF627 /* trayCm.usdz */,
				EA7DE24824B0D18C002BF627 /* trowel.usdz */,
				EA7DE24624B0D184002BF627 /* teapot.usdz */,
				EA7DE23E24B0C4BC002BF627 /* plate.usdz */,
			);
			path = ARAssets;
			sourceTree = "<group>";
		};
/* End PBXGroup section */

/* Begin PBXNativeTarget section */
		EA7DE21B24AF809E002BF627 /* Memory */ = {
			isa = PBXNativeTarget;
			buildConfigurationList = EA7DE23024AF809E002BF627 /* Build configuration list for PBXNativeTarget "Memory" */;
			buildPhases = (
				EA7DE21824AF809E002BF627 /* Sources */,
				EA7DE21924AF809E002BF627 /* Frameworks */,
				EA7DE21A24AF809E002BF627 /* Resources */,
			);
			buildRules = (
			);
			dependencies = (
			);
			name = Memory;
			packageProductDependencies = (
				EA55B7F524B6353500C5560B /* FocusEntity */,
			);
			productName = Memory;
			productReference = EA7DE21C24AF809E002BF627 /* Memory.app */;
			productType = "com.apple.product-type.application";
		};
/* End PBXNativeTarget section */

/* Begin PBXProject section */
		EA7DE21424AF809E002BF627 /* Project object */ = {
			isa = PBXProject;
			attributes = {
				LastSwiftUpdateCheck = 1150;
				LastUpgradeCheck = 1150;
				ORGANIZATIONNAME = "Isaak Hanimann";
				TargetAttributes = {
					EA7DE21B24AF809E002BF627 = {
						CreatedOnToolsVersion = 11.5;
					};
				};
			};
			buildConfigurationList = EA7DE21724AF809E002BF627 /* Build configuration list for PBXProject "Memory" */;
			compatibilityVersion = "Xcode 9.3";
			developmentRegion = en;
			hasScannedForEncodings = 0;
			knownRegions = (
				en,
				Base,
			);
			mainGroup = EA7DE21324AF809E002BF627;
			packageReferences = (
				EA55B7F424B6353500C5560B /* XCRemoteSwiftPackageReference "FocusEntity" */,
			);
			productRefGroup = EA7DE21D24AF809E002BF627 /* Products */;
			projectDirPath = "";
			projectRoot = "";
			targets = (
				EA7DE21B24AF809E002BF627 /* Memory */,
			);
		};
/* End PBXProject section */

/* Begin PBXResourcesBuildPhase section */
		EA7DE21A24AF809E002BF627 /* Resources */ = {
			isa = PBXResourcesBuildPhase;
			buildActionMask = 2147483647;
			files = (
				EA7DE24724B0D184002BF627 /* teapot.usdz in Resources */,
				EA7DE22C24AF809E002BF627 /* LaunchScreen.storyboard in Resources */,
				EA7DE24324B0D172002BF627 /* fender_stratocaster.usdz in Resources */,
				EA7DE23F24B0C4BC002BF627 /* plate.usdz in Resources */,
				EA7DE24B24B0D195002BF627 /* tv_retro.usdz in Resources */,
				EA7DE24524B0D17C002BF627 /* pot_plant.usdz in Resources */,
				EA7DE24124B0D155002BF627 /* toy_robot_vintage.usdz in Resources */,
				EA7DE22924AF809E002BF627 /* Assets.xcassets in Resources */,
				EA7DE24D24B0D19C002BF627 /* cup_saucer_set.usdz in Resources */,
				EA7DE22724AF809E002BF627 /* Main.storyboard in Resources */,
				EA7DE24F24B0D1A5002BF627 /* flower_tulip.usdz in Resources */,
				EA7DE24924B0D18D002BF627 /* trowel.usdz in Resources */,
				EA7DE23D24AF8DD2002BF627 /* trayCm.usdz in Resources */,
			);
			runOnlyForDeploymentPostprocessing = 0;
		};
/* End PBXResourcesBuildPhase section */

/* Begin PBXSourcesBuildPhase section */
		EA7DE21824AF809E002BF627 /* Sources */ = {
			isa = PBXSourcesBuildPhase;
			buildActionMask = 2147483647;
			files = (
				EA7DE22224AF809E002BF627 /* ViewController.swift in Sources */,
				EA7DE22024AF809E002BF627 /* AppDelegate.swift in Sources */,
				EA7DE22424AF809E002BF627 /* Experience.rcproject in Sources */,
			);
			runOnlyForDeploymentPostprocessing = 0;
		};
/* End PBXSourcesBuildPhase section */

/* Begin PBXVariantGroup section */
		EA7DE22524AF809E002BF627 /* Main.storyboard */ = {
			isa = PBXVariantGroup;
			children = (
				EA7DE22624AF809E002BF627 /* Base */,
			);
			name = Main.storyboard;
			sourceTree = "<group>";
		};
		EA7DE22A24AF809E002BF627 /* LaunchScreen.storyboard */ = {
			isa = PBXVariantGroup;
			children = (
				EA7DE22B24AF809E002BF627 /* Base */,
			);
			name = LaunchScreen.storyboard;
			sourceTree = "<group>";
		};
/* End PBXVariantGroup section */

/* Begin XCBuildConfiguration section */
		EA7DE22E24AF809E002BF627 /* Debug */ = {
			isa = XCBuildConfiguration;
			buildSettings = {
				ALWAYS_SEARCH_USER_PATHS = NO;
				CLANG_ANALYZER_NONNULL = YES;
				CLANG_ANALYZER_NUMBER_OBJECT_CONVERSION = YES_AGGRESSIVE;
				CLANG_CXX_LANGUAGE_STANDARD = "gnu++14";
				CLANG_CXX_LIBRARY = "libc++";
				CLANG_ENABLE_MODULES = YES;
				CLANG_ENABLE_OBJC_ARC = YES;
				CLANG_ENABLE_OBJC_WEAK = YES;
				CLANG_WARN_BLOCK_CAPTURE_AUTORELEASING = YES;
				CLANG_WARN_BOOL_CONVERSION = YES;
				CLANG_WARN_COMMA = YES;
				CLANG_WARN_CONSTANT_CONVERSION = YES;
				CLANG_WARN_DEPRECATED_OBJC_IMPLEMENTATIONS = YES;
				CLANG_WARN_DIRECT_OBJC_ISA_USAGE = YES_ERROR;
				CLANG_WARN_DOCUMENTATION_COMMENTS = YES;
				CLANG_WARN_EMPTY_BODY = YES;
				CLANG_WARN_ENUM_CONVERSION = YES;
				CLANG_WARN_INFINITE_RECURSION = YES;
				CLANG_WARN_INT_CONVERSION = YES;
				CLANG_WARN_NON_LITERAL_NULL_CONVERSION = YES;
				CLANG_WARN_OBJC_IMPLICIT_RETAIN_SELF = YES;
				CLANG_WARN_OBJC_LITERAL_CONVERSION = YES;
				CLANG_WARN_OBJC_ROOT_CLASS = YES_ERROR;
				CLANG_WARN_RANGE_LOOP_ANALYSIS = YES;
				CLANG_WARN_STRICT_PROTOTYPES = YES;
				CLANG_WARN_SUSPICIOUS_MOVE = YES;
				CLANG_WARN_UNGUARDED_AVAILABILITY = YES_AGGRESSIVE;
				CLANG_WARN_UNREACHABLE_CODE = YES;
				CLANG_WARN__DUPLICATE_METHOD_MATCH = YES;
				COPY_PHASE_STRIP = NO;
				DEBUG_INFORMATION_FORMAT = dwarf;
				ENABLE_STRICT_OBJC_MSGSEND = YES;
				ENABLE_TESTABILITY = YES;
				GCC_C_LANGUAGE_STANDARD = gnu11;
				GCC_DYNAMIC_NO_PIC = NO;
				GCC_NO_COMMON_BLOCKS = YES;
				GCC_OPTIMIZATION_LEVEL = 0;
				GCC_PREPROCESSOR_DEFINITIONS = (
					"DEBUG=1",
					"$(inherited)",
				);
				GCC_WARN_64_TO_32_BIT_CONVERSION = YES;
				GCC_WARN_ABOUT_RETURN_TYPE = YES_ERROR;
				GCC_WARN_UNDECLARED_SELECTOR = YES;
				GCC_WARN_UNINITIALIZED_AUTOS = YES_AGGRESSIVE;
				GCC_WARN_UNUSED_FUNCTION = YES;
				GCC_WARN_UNUSED_VARIABLE = YES;
				IPHONEOS_DEPLOYMENT_TARGET = 13.5;
				MTL_ENABLE_DEBUG_INFO = INCLUDE_SOURCE;
				MTL_FAST_MATH = YES;
				ONLY_ACTIVE_ARCH = YES;
				SDKROOT = iphoneos;
				SWIFT_ACTIVE_COMPILATION_CONDITIONS = DEBUG;
				SWIFT_OPTIMIZATION_LEVEL = "-Onone";
			};
			name = Debug;
		};
		EA7DE22F24AF809E002BF627 /* Release */ = {
			isa = XCBuildConfiguration;
			buildSettings = {
				ALWAYS_SEARCH_USER_PATHS = NO;
				CLANG_ANALYZER_NONNULL = YES;
				CLANG_ANALYZER_NUMBER_OBJECT_CONVERSION = YES_AGGRESSIVE;
				CLANG_CXX_LANGUAGE_STANDARD = "gnu++14";
				CLANG_CXX_LIBRARY = "libc++";
				CLANG_ENABLE_MODULES = YES;
				CLANG_ENABLE_OBJC_ARC = YES;
				CLANG_ENABLE_OBJC_WEAK = YES;
				CLANG_WARN_BLOCK_CAPTURE_AUTORELEASING = YES;
				CLANG_WARN_BOOL_CONVERSION = YES;
				CLANG_WARN_COMMA = YES;
				CLANG_WARN_CONSTANT_CONVERSION = YES;
				CLANG_WARN_DEPRECATED_OBJC_IMPLEMENTATIONS = YES;
				CLANG_WARN_DIRECT_OBJC_ISA_USAGE = YES_ERROR;
				CLANG_WARN_DOCUMENTATION_COMMENTS = YES;
				CLANG_WARN_EMPTY_BODY = YES;
				CLANG_WARN_ENUM_CONVERSION = YES;
				CLANG_WARN_INFINITE_RECURSION = YES;
				CLANG_WARN_INT_CONVERSION = YES;
				CLANG_WARN_NON_LITERAL_NULL_CONVERSION = YES;
				CLANG_WARN_OBJC_IMPLICIT_RETAIN_SELF = YES;
				CLANG_WARN_OBJC_LITERAL_CONVERSION = YES;
				CLANG_WARN_OBJC_ROOT_CLASS = YES_ERROR;
				CLANG_WARN_RANGE_LOOP_ANALYSIS = YES;
				CLANG_WARN_STRICT_PROTOTYPES = YES;
				CLANG_WARN_SUSPICIOUS_MOVE = YES;
				CLANG_WARN_UNGUARDED_AVAILABILITY = YES_AGGRESSIVE;
				CLANG_WARN_UNREACHABLE_CODE = YES;
				CLANG_WARN__DUPLICATE_METHOD_MATCH = YES;
				COPY_PHASE_STRIP = NO;
				DEBUG_INFORMATION_FORMAT = "dwarf-with-dsym";
				ENABLE_NS_ASSERTIONS = NO;
				ENABLE_STRICT_OBJC_MSGSEND = YES;
				GCC_C_LANGUAGE_STANDARD = gnu11;
				GCC_NO_COMMON_BLOCKS = YES;
				GCC_WARN_64_TO_32_BIT_CONVERSION = YES;
				GCC_WARN_ABOUT_RETURN_TYPE = YES_ERROR;
				GCC_WARN_UNDECLARED_SELECTOR = YES;
				GCC_WARN_UNINITIALIZED_AUTOS = YES_AGGRESSIVE;
				GCC_WARN_UNUSED_FUNCTION = YES;
				GCC_WARN_UNUSED_VARIABLE = YES;
				IPHONEOS_DEPLOYMENT_TARGET = 13.5;
				MTL_ENABLE_DEBUG_INFO = NO;
				MTL_FAST_MATH = YES;
				SDKROOT = iphoneos;
				SWIFT_COMPILATION_MODE = wholemodule;
				SWIFT_OPTIMIZATION_LEVEL = "-O";
				VALIDATE_PRODUCT = YES;
			};
			name = Release;
		};
		EA7DE23124AF809E002BF627 /* Debug */ = {
			isa = XCBuildConfiguration;
			buildSettings = {
				ASSETCATALOG_COMPILER_APPICON_NAME = AppIcon;
				CODE_SIGN_STYLE = Automatic;
				DEVELOPMENT_TEAM = 6S7AHDRUD6;
				INFOPLIST_FILE = Memory/Info.plist;
				LD_RUNPATH_SEARCH_PATHS = (
					"$(inherited)",
					"@executable_path/Frameworks",
				);
				PRODUCT_BUNDLE_IDENTIFIER = com.isaakhanimann.Memory;
				PRODUCT_NAME = "$(TARGET_NAME)";
				SWIFT_VERSION = 5.0;
				TARGETED_DEVICE_FAMILY = "1,2";
			};
			name = Debug;
		};
		EA7DE23224AF809E002BF627 /* Release */ = {
			isa = XCBuildConfiguration;
			buildSettings = {
				ASSETCATALOG_COMPILER_APPICON_NAME = AppIcon;
				CODE_SIGN_STYLE = Automatic;
				DEVELOPMENT_TEAM = 6S7AHDRUD6;
				INFOPLIST_FILE = Memory/Info.plist;
				LD_RUNPATH_SEARCH_PATHS = (
					"$(inherited)",
					"@executable_path/Frameworks",
				);
				PRODUCT_BUNDLE_IDENTIFIER = com.isaakhanimann.Memory;
				PRODUCT_NAME = "$(TARGET_NAME)";
				SWIFT_VERSION = 5.0;
				TARGETED_DEVICE_FAMILY = "1,2";
			};
			name = Release;
		};
/* End XCBuildConfiguration section */

/* Begin XCConfigurationList section */
		EA7DE21724AF809E002BF627 /* Build configuration list for PBXProject "Memory" */ = {
			isa = XCConfigurationList;
			buildConfigurations = (
				EA7DE22E24AF809E002BF627 /* Debug */,
				EA7DE22F24AF809E002BF627 /* Release */,
			);
			defaultConfigurationIsVisible = 0;
			defaultConfigurationName = Release;
		};
		EA7DE23024AF809E002BF627 /* Build configuration list for PBXNativeTarget "Memory" */ = {
			isa = XCConfigurationList;
			buildConfigurations = (
				EA7DE23124AF809E002BF627 /* Debug */,
				EA7DE23224AF809E002BF627 /* Release */,
			);
			defaultConfigurationIsVisible = 0;
			defaultConfigurationName = Release;
		};
/* End XCConfigurationList section */

/* Begin XCRemoteSwiftPackageReference section */
		EA55B7F424B6353500C5560B /* XCRemoteSwiftPackageReference "FocusEntity" */ = {
			isa = XCRemoteSwiftPackageReference;
			repositoryURL = "https://github.com/maxxfrazer/FocusEntity.git";
			requirement = {
				kind = upToNextMajorVersion;
				minimumVersion = 2.0.1;
			};
		};
/* End XCRemoteSwiftPackageReference section */

/* Begin XCSwiftPackageProductDependency section */
		EA55B7F524B6353500C5560B /* FocusEntity */ = {
			isa = XCSwiftPackageProductDependency;
			package = EA55B7F424B6353500C5560B /* XCRemoteSwiftPackageReference "FocusEntity" */;
			productName = FocusEntity;
		};
/* End XCSwiftPackageProductDependency section */
	};
	rootObject = EA7DE21424AF809E002BF627 /* Project object */;
}
